
Microsoft Visual Studio Solution File, Format Version 12.00
# Visual Studio Version 16
VisualStudioVersion = 16.0.30011.22
MinimumVisualStudioVersion = 10.0.40219.1
Project("{FAE04EC0-301F-11D3-BF4B-00C04F79EFBC}") = "MyBooks.Wpf", "MyBooks.Wpf\MyBooks.Wpf.csproj", "{08CB6F13-11D7-4E02-B240-FFD9044053AF}"
EndProject
Project("{FAE04EC0-301F-11D3-BF4B-00C04F79EFBC}") = "MyBooks.BLL", "MyBooks.BLL\MyBooks.BLL.csproj", "{7D6A533E-E33D-4856-9A35-EE1661543D3B}"
EndProject
Project("{FAE04EC0-301F-11D3-BF4B-00C04F79EFBC}") = "MyBooks.Contracts", "MyBooks.Contracts\MyBooks.Contracts.csproj", "{38EA486C-A966-4D51-A172-A9BB7C2B044C}"
EndProject
Project("{FAE04EC0-301F-11D3-BF4B-00C04F79EFBC}") = "GeneralHelper.Biblio", "GeneralHelper.Biblio\GeneralHelper.Biblio.csproj", "{FDE8839A-2857-4587-8E51-E8476B7825DA}"
EndProject
Global
	GlobalSection(SolutionConfigurationPlatforms) = preSolution
		Debug|Any CPU = Debug|Any CPU
		Release|Any CPU = Release|Any CPU
	EndGlobalSection
	GlobalSection(ProjectConfigurationPlatforms) = postSolution
		{08CB6F13-11D7-4E02-B240-FFD9044053AF}.Debug|Any CPU.ActiveCfg = Debug|Any CPU
		{08CB6F13-11D7-4E02-B240-FFD9044053AF}.Debug|Any CPU.Build.0 = Debug|Any CPU
		{08CB6F13-11D7-4E02-B240-FFD9044053AF}.Release|Any CPU.ActiveCfg = Release|Any CPU
		{08CB6F13-11D7-4E02-B240-FFD9044053AF}.Release|Any CPU.Build.0 = Release|Any CPU
		{7D6A533E-E33D-4856-9A35-EE1661543D3B}.Debug|Any CPU.ActiveCfg = Debug|Any CPU
		{7D6A533E-E33D-4856-9A35-EE1661543D3B}.Debug|Any CPU.Build.0 = Debug|Any CPU
		{7D6A533E-E33D-4856-9A35-EE1661543D3B}.Release|Any CPU.ActiveCfg = Release|Any CPU
		{7D6A533E-E33D-4856-9A35-EE1661543D3B}.Release|Any CPU.Build.0 = Release|Any CPU
		{38EA486C-A966-4D51-A172-A9BB7C2B044C}.Debug|Any CPU.ActiveCfg = Debug|Any CPU
		{38EA486C-A966-4D51-A172-A9BB7C2B044C}.Debug|Any CPU.Build.0 = Debug|Any CPU
		{38EA486C-A966-4D51-A172-A9BB7C2B044C}.Release|Any CPU.ActiveCfg = Release|Any CPU
		{38EA486C-A966-4D51-A172-A9BB7C2B044C}.Release|Any CPU.Build.0 = Release|Any CPU
		{FDE8839A-2857-4587-8E51-E8476B7825DA}.Debug|Any CPU.ActiveCfg = Debug|Any CPU
		{FDE8839A-2857-4587-8E51-E8476B7825DA}.Debug|Any CPU.Build.0 = Debug|Any CPU
		{FDE8839A-2857-4587-8E51-E8476B7825DA}.Release|Any CPU.ActiveCfg = Release|Any CPU
		{FDE8839A-2857-4587-8E51-E8476B7825DA}.Release|Any CPU.Build.0 = Release|Any CPU
	EndGlobalSection
	GlobalSection(SolutionProperties) = preSolution
		HideSolutionNode = FALSE
	EndGlobalSection
	GlobalSection(ExtensibilityGlobals) = postSolution
		SolutionGuid = {F57BC813-7979-497D-A23D-4B442B48F625}
	EndGlobalSection
EndGlobal
